// !$*UTF8*$!
{
	archiveVersion = 1;
	classes = {
	};
	objectVersion = 50;
	objects = {

/* Begin PBXBuildFile section */
		89C1025E25946B2100FCA289 /* AppDelegate.swift in Sources */ = {isa = PBXBuildFile; fileRef = 89C1025D25946B2100FCA289 /* AppDelegate.swift */; };
		89C1026025946B2100FCA289 /* SceneDelegate.swift in Sources */ = {isa = PBXBuildFile; fileRef = 89C1025F25946B2100FCA289 /* SceneDelegate.swift */; };
		89C1026225946B2100FCA289 /* ViewController.swift in Sources */ = {isa = PBXBuildFile; fileRef = 89C1026125946B2100FCA289 /* ViewController.swift */; };
		89C1026525946B2100FCA289 /* Main.storyboard in Resources */ = {isa = PBXBuildFile; fileRef = 89C1026325946B2100FCA289 /* Main.storyboard */; };
		89C1026725946B2300FCA289 /* Assets.xcassets in Resources */ = {isa = PBXBuildFile; fileRef = 89C1026625946B2300FCA289 /* Assets.xcassets */; };
		89C1026A25946B2300FCA289 /* LaunchScreen.storyboard in Resources */ = {isa = PBXBuildFile; fileRef = 89C1026825946B2300FCA289 /* LaunchScreen.storyboard */; };
		89C1027525946B2300FCA289 /* PreworkTests.swift in Sources */ = {isa = PBXBuildFile; fileRef = 89C1027425946B2300FCA289 /* PreworkTests.swift */; };
		89C1028025946B2300FCA289 /* PreworkUITests.swift in Sources */ = {isa = PBXBuildFile; fileRef = 89C1027F25946B2300FCA289 /* PreworkUITests.swift */; };
/* End PBXBuildFile section */

/* Begin PBXContainerItemProxy section */
		89C1027125946B2300FCA289 /* PBXContainerItemProxy */ = {
			isa = PBXContainerItemProxy;
			containerPortal = 89C1025225946B2100FCA289 /* Project object */;
			proxyType = 1;
			remoteGlobalIDString = 89C1025925946B2100FCA289;
			remoteInfo = Prework;
		};
		89C1027C25946B2300FCA289 /* PBXContainerItemProxy */ = {
			isa = PBXContainerItemProxy;
			containerPortal = 89C1025225946B2100FCA289 /* Project object */;
			proxyType = 1;
			remoteGlobalIDString = 89C1025925946B2100FCA289;
			remoteInfo = Prework;
		};
/* End PBXContainerItemProxy section */

/* Begin PBXFileReference section */
		89C1025A25946B2100FCA289 /* Prework.app */ = {isa = PBXFileReference; explicitFileType = wrapper.application; includeInIndex = 0; path = Prework.app; sourceTree = BUILT_PRODUCTS_DIR; };
		89C1025D25946B2100FCA289 /* AppDelegate.swift */ = {isa = PBXFileReference; lastKnownFileType = sourcecode.swift; path = AppDelegate.swift; sourceTree = "<group>"; };
		89C1025F25946B2100FCA289 /* SceneDelegate.swift */ = {isa = PBXFileReference; lastKnownFileType = sourcecode.swift; path = SceneDelegate.swift; sourceTree = "<group>"; };
		89C1026125946B2100FCA289 /* ViewController.swift */ = {isa = PBXFileReference; lastKnownFileType = sourcecode.swift; path = ViewController.swift; sourceTree = "<group>"; };
		89C1026425946B2100FCA289 /* Base */ = {isa = PBXFileReference; lastKnownFileType = file.storyboard; name = Base; path = Base.lproj/Main.storyboard; sourceTree = "<group>"; };
		89C1026625946B2300FCA289 /* Assets.xcassets */ = {isa = PBXFileReference; lastKnownFileType = folder.assetcatalog; path = Assets.xcassets; sourceTree = "<group>"; };
		89C1026925946B2300FCA289 /* Base */ = {isa = PBXFileReference; lastKnownFileType = file.storyboard; name = Base; path = Base.lproj/LaunchScreen.storyboard; sourceTree = "<group>"; };
		89C1026B25946B2300FCA289 /* Info.plist */ = {isa = PBXFileReference; lastKnownFileType = text.plist.xml; path = Info.plist; sourceTree = "<group>"; };
		89C1027025946B2300FCA289 /* PreworkTests.xctest */ = {isa = PBXFileReference; explicitFileType = wrapper.cfbundle; includeInIndex = 0; path = PreworkTests.xctest; sourceTree = BUILT_PRODUCTS_DIR; };
		89C1027425946B2300FCA289 /* PreworkTests.swift */ = {isa = PBXFileReference; lastKnownFileType = sourcecode.swift; path = PreworkTests.swift; sourceTree = "<group>"; };
		89C1027625946B2300FCA289 /* Info.plist */ = {isa = PBXFileReference; lastKnownFileType = text.plist.xml; path = Info.plist; sourceTree = "<group>"; };
		89C1027B25946B2300FCA289 /* PreworkUITests.xctest */ = {isa = PBXFileReference; explicitFileType = wrapper.cfbundle; includeInIndex = 0; path = PreworkUITests.xctest; sourceTree = BUILT_PRODUCTS_DIR; };
		89C1027F25946B2300FCA289 /* PreworkUITests.swift */ = {isa = PBXFileReference; lastKnownFileType = sourcecode.swift; path = PreworkUITests.swift; sourceTree = "<group>"; };
		89C1028125946B2300FCA289 /* Info.plist */ = {isa = PBXFileReference; lastKnownFileType = text.plist.xml; path = Info.plist; sourceTree = "<group>"; };
/* End PBXFileReference section */

/* Begin PBXFrameworksBuildPhase section */
		89C1025725946B2100FCA289 /* Frameworks */ = {
			isa = PBXFrameworksBuildPhase;
			buildActionMask = 2147483647;
			files = (
			);
			runOnlyForDeploymentPostprocessing = 0;
		};
		89C1026D25946B2300FCA289 /* Frameworks */ = {
			isa = PBXFrameworksBuildPhase;
			buildActionMask = 2147483647;
			files = (
			);
			runOnlyForDeploymentPostprocessing = 0;
		};
		89C1027825946B2300FCA289 /* Frameworks */ = {
			isa = PBXFrameworksBuildPhase;
			buildActionMask = 2147483647;
			files = (
			);
			runOnlyForDeploymentPostprocessing = 0;
		};
/* End PBXFrameworksBuildPhase section */

/* Begin PBXGroup section */
		89C1025125946B2100FCA289 = {
			isa = PBXGroup;
			children = (
				89C1025C25946B2100FCA289 /* Prework */,
				89C1027325946B2300FCA289 /* PreworkTests */,
				89C1027E25946B2300FCA289 /* PreworkUITests */,
				89C1025B25946B2100FCA289 /* Products */,
			);
			sourceTree = "<group>";
		};
		89C1025B25946B2100FCA289 /* Products */ = {
			isa = PBXGroup;
			children = (
				89C1025A25946B2100FCA289 /* Prework.app */,
				89C1027025946B2300FCA289 /* PreworkTests.xctest */,
				89C1027B25946B2300FCA289 /* PreworkUITests.xctest */,
			);
			name = Products;
			sourceTree = "<group>";
		};
		89C1025C25946B2100FCA289 /* Prework */ = {
			isa = PBXGroup;
			children = (
				89C1025D25946B2100FCA289 /* AppDelegate.swift */,
				89C1025F25946B2100FCA289 /* SceneDelegate.swift */,
				89C1026125946B2100FCA289 /* ViewController.swift */,
				89C1026325946B2100FCA289 /* Main.storyboard */,
				89C1026625946B2300FCA289 /* Assets.xcassets */,
				89C1026825946B2300FCA289 /* LaunchScreen.storyboard */,
				89C1026B25946B2300FCA289 /* Info.plist */,
			);
			path = Prework;
			sourceTree = "<group>";
		};
		89C1027325946B2300FCA289 /* PreworkTests */ = {
			isa = PBXGroup;
			children = (
				89C1027425946B2300FCA289 /* PreworkTests.swift */,
				89C1027625946B2300FCA289 /* Info.plist */,
			);
			path = PreworkTests;
			sourceTree = "<group>";
		};
		89C1027E25946B2300FCA289 /* PreworkUITests */ = {
			isa = PBXGroup;
			children = (
				89C1027F25946B2300FCA289 /* PreworkUITests.swift */,
				89C1028125946B2300FCA289 /* Info.plist */,
			);
			path = PreworkUITests;
			sourceTree = "<group>";
		};
/* End PBXGroup section */

/* Begin PBXNativeTarget section */
		89C1025925946B2100FCA289 /* Prework */ = {
			isa = PBXNativeTarget;
			buildConfigurationList = 89C1028425946B2300FCA289 /* Build configuration list for PBXNativeTarget "Prework" */;
			buildPhases = (
				89C1025625946B2100FCA289 /* Sources */,
				89C1025725946B2100FCA289 /* Frameworks */,
				89C1025825946B2100FCA289 /* Resources */,
			);
			buildRules = (
			);
			dependencies = (
			);
			name = Prework;
			productName = Prework;
			productReference = 89C1025A25946B2100FCA289 /* Prework.app */;
			productType = "com.apple.product-type.application";
		};
		89C1026F25946B2300FCA289 /* PreworkTests */ = {
			isa = PBXNativeTarget;
			buildConfigurationList = 89C1028725946B2300FCA289 /* Build configuration list for PBXNativeTarget "PreworkTests" */;
			buildPhases = (
				89C1026C25946B2300FCA289 /* Sources */,
				89C1026D25946B2300FCA289 /* Frameworks */,
				89C1026E25946B2300FCA289 /* Resources */,
			);
			buildRules = (
			);
			dependencies = (
				89C1027225946B2300FCA289 /* PBXTargetDependency */,
			);
			name = PreworkTests;
			productName = PreworkTests;
			productReference = 89C1027025946B2300FCA289 /* PreworkTests.xctest */;
			productType = "com.apple.product-type.bundle.unit-test";
		};
		89C1027A25946B2300FCA289 /* PreworkUITests */ = {
			isa = PBXNativeTarget;
			buildConfigurationList = 89C1028A25946B2300FCA289 /* Build configuration list for PBXNativeTarget "PreworkUITests" */;
			buildPhases = (
				89C1027725946B2300FCA289 /* Sources */,
				89C1027825946B2300FCA289 /* Frameworks */,
				89C1027925946B2300FCA289 /* Resources */,
			);
			buildRules = (
			);
			dependencies = (
				89C1027D25946B2300FCA289 /* PBXTargetDependency */,
			);
			name = PreworkUITests;
			productName = PreworkUITests;
			productReference = 89C1027B25946B2300FCA289 /* PreworkUITests.xctest */;
			productType = "com.apple.product-type.bundle.ui-testing";
		};
/* End PBXNativeTarget section */

/* Begin PBXProject section */
		89C1025225946B2100FCA289 /* Project object */ = {
			isa = PBXProject;
			attributes = {
				LastSwiftUpdateCheck = 1230;
				LastUpgradeCheck = 1230;
				TargetAttributes = {
					89C1025925946B2100FCA289 = {
						CreatedOnToolsVersion = 12.3;
					};
					89C1026F25946B2300FCA289 = {
						CreatedOnToolsVersion = 12.3;
						TestTargetID = 89C1025925946B2100FCA289;
					};
					89C1027A25946B2300FCA289 = {
						CreatedOnToolsVersion = 12.3;
						TestTargetID = 89C1025925946B2100FCA289;
					};
				};
			};
			buildConfigurationList = 89C1025525946B2100FCA289 /* Build configuration list for PBXProject "Prework" */;
			compatibilityVersion = "Xcode 9.3";
			developmentRegion = en;
			hasScannedForEncodings = 0;
			knownRegions = (
				en,
				Base,
			);
			mainGroup = 89C1025125946B2100FCA289;
			productRefGroup = 89C1025B25946B2100FCA289 /* Products */;
			projectDirPath = "";
			projectRoot = "";
			targets = (
				89C1025925946B2100FCA289 /* Prework */,
				89C1026F25946B2300FCA289 /* PreworkTests */,
				89C1027A25946B2300FCA289 /* PreworkUITests */,
			);
		};
/* End PBXProject section */

/* Begin PBXResourcesBuildPhase section */
		89C1025825946B2100FCA289 /* Resources */ = {
			isa = PBXResourcesBuildPhase;
			buildActionMask = 2147483647;
			files = (
				89C1026A25946B2300FCA289 /* LaunchScreen.storyboard in Resources */,
				89C1026725946B2300FCA289 /* Assets.xcassets in Resources */,
				89C1026525946B2100FCA289 /* Main.storyboard in Resources */,
			);
			runOnlyForDeploymentPostprocessing = 0;
		};
		89C1026E25946B2300FCA289 /* Resources */ = {
			isa = PBXResourcesBuildPhase;
			buildActionMask = 2147483647;
			files = (
			);
			runOnlyForDeploymentPostprocessing = 0;
		};
		89C1027925946B2300FCA289 /* Resources */ = {
			isa = PBXResourcesBuildPhase;
			buildActionMask = 2147483647;
			files = (
			);
			runOnlyForDeploymentPostprocessing = 0;
		};
/* End PBXResourcesBuildPhase section */

/* Begin PBXSourcesBuildPhase section */
		89C1025625946B2100FCA289 /* Sources */ = {
			isa = PBXSourcesBuildPhase;
			buildActionMask = 2147483647;
			files = (
				89C1026225946B2100FCA289 /* ViewController.swift in Sources */,
				89C1025E25946B2100FCA289 /* AppDelegate.swift in Sources */,
				89C1026025946B2100FCA289 /* SceneDelegate.swift in Sources */,
			);
			runOnlyForDeploymentPostprocessing = 0;
		};
		89C1026C25946B2300FCA289 /* Sources */ = {
			isa = PBXSourcesBuildPhase;
			buildActionMask = 2147483647;
			files = (
				89C1027525946B2300FCA289 /* PreworkTests.swift in Sources */,
			);
			runOnlyForDeploymentPostprocessing = 0;
		};
		89C1027725946B2300FCA289 /* Sources */ = {
			isa = PBXSourcesBuildPhase;
			buildActionMask = 2147483647;
			files = (
				89C1028025946B2300FCA289 /* PreworkUITests.swift in Sources */,
			);
			runOnlyForDeploymentPostprocessing = 0;
		};
/* End PBXSourcesBuildPhase section */

/* Begin PBXTargetDependency section */
		89C1027225946B2300FCA289 /* PBXTargetDependency */ = {
			isa = PBXTargetDependency;
			target = 89C1025925946B2100FCA289 /* Prework */;
			targetProxy = 89C1027125946B2300FCA289 /* PBXContainerItemProxy */;
		};
		89C1027D25946B2300FCA289 /* PBXTargetDependency */ = {
			isa = PBXTargetDependency;
			target = 89C1025925946B2100FCA289 /* Prework */;
			targetProxy = 89C1027C25946B2300FCA289 /* PBXContainerItemProxy */;
		};
/* End PBXTargetDependency section */

/* Begin PBXVariantGroup section */
		89C1026325946B2100FCA289 /* Main.storyboard */ = {
			isa = PBXVariantGroup;
			children = (
				89C1026425946B2100FCA289 /* Base */,
			);
			name = Main.storyboard;
			sourceTree = "<group>";
		};
		89C1026825946B2300FCA289 /* LaunchScreen.storyboard */ = {
			isa = PBXVariantGroup;
			children = (
				89C1026925946B2300FCA289 /* Base */,
			);
			name = LaunchScreen.storyboard;
			sourceTree = "<group>";
		};
/* End PBXVariantGroup section */

/* Begin XCBuildConfiguration section */
		89C1028225946B2300FCA289 /* Debug */ = {
			isa = XCBuildConfiguration;
			buildSettings = {
				ALWAYS_SEARCH_USER_PATHS = NO;
				CLANG_ANALYZER_NONNULL = YES;
				CLANG_ANALYZER_NUMBER_OBJECT_CONVERSION = YES_AGGRESSIVE;
				CLANG_CXX_LANGUAGE_STANDARD = "gnu++14";
				CLANG_CXX_LIBRARY = "libc++";
				CLANG_ENABLE_MODULES = YES;
				CLANG_ENABLE_OBJC_ARC = YES;
				CLANG_ENABLE_OBJC_WEAK = YES;
				CLANG_WARN_BLOCK_CAPTURE_AUTORELEASING = YES;
				CLANG_WARN_BOOL_CONVERSION = YES;
				CLANG_WARN_COMMA = YES;
				CLANG_WARN_CONSTANT_CONVERSION = YES;
				CLANG_WARN_DEPRECATED_OBJC_IMPLEMENTATIONS = YES;
				CLANG_WARN_DIRECT_OBJC_ISA_USAGE = YES_ERROR;
				CLANG_WARN_DOCUMENTATION_COMMENTS = YES;
				CLANG_WARN_EMPTY_BODY = YES;
				CLANG_WARN_ENUM_CONVERSION = YES;
				CLANG_WARN_INFINITE_RECURSION = YES;
				CLANG_WARN_INT_CONVERSION = YES;
				CLANG_WARN_NON_LITERAL_NULL_CONVERSION = YES;
				CLANG_WARN_OBJC_IMPLICIT_RETAIN_SELF = YES;
				CLANG_WARN_OBJC_LITERAL_CONVERSION = YES;
				CLANG_WARN_OBJC_ROOT_CLASS = YES_ERROR;
				CLANG_WARN_QUOTED_INCLUDE_IN_FRAMEWORK_HEADER = YES;
				CLANG_WARN_RANGE_LOOP_ANALYSIS = YES;
				CLANG_WARN_STRICT_PROTOTYPES = YES;
				CLANG_WARN_SUSPICIOUS_MOVE = YES;
				CLANG_WARN_UNGUARDED_AVAILABILITY = YES_AGGRESSIVE;
				CLANG_WARN_UNREACHABLE_CODE = YES;
				CLANG_WARN__DUPLICATE_METHOD_MATCH = YES;
				COPY_PHASE_STRIP = NO;
				DEBUG_INFORMATION_FORMAT = dwarf;
				ENABLE_STRICT_OBJC_MSGSEND = YES;
				ENABLE_TESTABILITY = YES;
				GCC_C_LANGUAGE_STANDARD = gnu11;
				GCC_DYNAMIC_NO_PIC = NO;
				GCC_NO_COMMON_BLOCKS = YES;
				GCC_OPTIMIZATION_LEVEL = 0;
				GCC_PREPROCESSOR_DEFINITIONS = (
					"DEBUG=1",
					"$(inherited)",
				);
				GCC_WARN_64_TO_32_BIT_CONVERSION = YES;
				GCC_WARN_ABOUT_RETURN_TYPE = YES_ERROR;
				GCC_WARN_UNDECLARED_SELECTOR = YES;
				GCC_WARN_UNINITIALIZED_AUTOS = YES_AGGRESSIVE;
				GCC_WARN_UNUSED_FUNCTION = YES;
				GCC_WARN_UNUSED_VARIABLE = YES;
				IPHONEOS_DEPLOYMENT_TARGET = 14.3;
				MTL_ENABLE_DEBUG_INFO = INCLUDE_SOURCE;
				MTL_FAST_MATH = YES;
				ONLY_ACTIVE_ARCH = YES;
				SDKROOT = iphoneos;
				SWIFT_ACTIVE_COMPILATION_CONDITIONS = DEBUG;
				SWIFT_OPTIMIZATION_LEVEL = "-Onone";
			};
			name = Debug;
		};
		89C1028325946B2300FCA289 /* Release */ = {
			isa = XCBuildConfiguration;
			buildSettings = {
				ALWAYS_SEARCH_USER_PATHS = NO;
				CLANG_ANALYZER_NONNULL = YES;
				CLANG_ANALYZER_NUMBER_OBJECT_CONVERSION = YES_AGGRESSIVE;
				CLANG_CXX_LANGUAGE_STANDARD = "gnu++14";
				CLANG_CXX_LIBRARY = "libc++";
				CLANG_ENABLE_MODULES = YES;
				CLANG_ENABLE_OBJC_ARC = YES;
				CLANG_ENABLE_OBJC_WEAK = YES;
				CLANG_WARN_BLOCK_CAPTURE_AUTORELEASING = YES;
				CLANG_WARN_BOOL_CONVERSION = YES;
				CLANG_WARN_COMMA = YES;
				CLANG_WARN_CONSTANT_CONVERSION = YES;
				CLANG_WARN_DEPRECATED_OBJC_IMPLEMENTATIONS = YES;
				CLANG_WARN_DIRECT_OBJC_ISA_USAGE = YES_ERROR;
				CLANG_WARN_DOCUMENTATION_COMMENTS = YES;
				CLANG_WARN_EMPTY_BODY = YES;
				CLANG_WARN_ENUM_CONVERSION = YES;
				CLANG_WARN_INFINITE_RECURSION = YES;
				CLANG_WARN_INT_CONVERSION = YES;
				CLANG_WARN_NON_LITERAL_NULL_CONVERSION = YES;
				CLANG_WARN_OBJC_IMPLICIT_RETAIN_SELF = YES;
				CLANG_WARN_OBJC_LITERAL_CONVERSION = YES;
				CLANG_WARN_OBJC_ROOT_CLASS = YES_ERROR;
				CLANG_WARN_QUOTED_INCLUDE_IN_FRAMEWORK_HEADER = YES;
				CLANG_WARN_RANGE_LOOP_ANALYSIS = YES;
				CLANG_WARN_STRICT_PROTOTYPES = YES;
				CLANG_WARN_SUSPICIOUS_MOVE = YES;
				CLANG_WARN_UNGUARDED_AVAILABILITY = YES_AGGRESSIVE;
				CLANG_WARN_UNREACHABLE_CODE = YES;
				CLANG_WARN__DUPLICATE_METHOD_MATCH = YES;
				COPY_PHASE_STRIP = NO;
				DEBUG_INFORMATION_FORMAT = "dwarf-with-dsym";
				ENABLE_NS_ASSERTIONS = NO;
				ENABLE_STRICT_OBJC_MSGSEND = YES;
				GCC_C_LANGUAGE_STANDARD = gnu11;
				GCC_NO_COMMON_BLOCKS = YES;
				GCC_WARN_64_TO_32_BIT_CONVERSION = YES;
				GCC_WARN_ABOUT_RETURN_TYPE = YES_ERROR;
				GCC_WARN_UNDECLARED_SELECTOR = YES;
				GCC_WARN_UNINITIALIZED_AUTOS = YES_AGGRESSIVE;
				GCC_WARN_UNUSED_FUNCTION = YES;
				GCC_WARN_UNUSED_VARIABLE = YES;
				IPHONEOS_DEPLOYMENT_TARGET = 14.3;
				MTL_ENABLE_DEBUG_INFO = NO;
				MTL_FAST_MATH = YES;
				SDKROOT = iphoneos;
				SWIFT_COMPILATION_MODE = wholemodule;
				SWIFT_OPTIMIZATION_LEVEL = "-O";
				VALIDATE_PRODUCT = YES;
			};
			name = Release;
		};
		89C1028525946B2300FCA289 /* Debug */ = {
			isa = XCBuildConfiguration;
			buildSettings = {
				ASSETCATALOG_COMPILER_APPICON_NAME = AppIcon;
				ASSETCATALOG_COMPILER_GLOBAL_ACCENT_COLOR_NAME = AccentColor;
				CODE_SIGN_STYLE = Automatic;
				INFOPLIST_FILE = Prework/Info.plist;
				LD_RUNPATH_SEARCH_PATHS = (
					"$(inherited)",
					"@executable_path/Frameworks",
				);
				PRODUCT_BUNDLE_IDENTIFIER = grace.Prework;
				PRODUCT_NAME = "$(TARGET_NAME)";
				SWIFT_VERSION = 5.0;
				TARGETED_DEVICE_FAMILY = "1,2";
			};
			name = Debug;
		};
		89C1028625946B2300FCA289 /* Release */ = {
			isa = XCBuildConfiguration;
			buildSettings = {
				ASSETCATALOG_COMPILER_APPICON_NAME = AppIcon;
				ASSETCATALOG_COMPILER_GLOBAL_ACCENT_COLOR_NAME = AccentColor;
				CODE_SIGN_STYLE = Automatic;
				INFOPLIST_FILE = Prework/Info.plist;
				LD_RUNPATH_SEARCH_PATHS = (
					"$(inherited)",
					"@executable_path/Frameworks",
				);
				PRODUCT_BUNDLE_IDENTIFIER = grace.Prework;
				PRODUCT_NAME = "$(TARGET_NAME)";
				SWIFT_VERSION = 5.0;
				TARGETED_DEVICE_FAMILY = "1,2";
			};
			name = Release;
		};
		89C1028825946B2300FCA289 /* Debug */ = {
			isa = XCBuildConfiguration;
			buildSettings = {
				ALWAYS_EMBED_SWIFT_STANDARD_LIBRARIES = YES;
				BUNDLE_LOADER = "$(TEST_HOST)";
				CODE_SIGN_STYLE = Automatic;
				INFOPLIST_FILE = PreworkTests/Info.plist;
				IPHONEOS_DEPLOYMENT_TARGET = 14.3;
				LD_RUNPATH_SEARCH_PATHS = (
					"$(inherited)",
					"@executable_path/Frameworks",
					"@loader_path/Frameworks",
				);
				PRODUCT_BUNDLE_IDENTIFIER = grace.PreworkTests;
				PRODUCT_NAME = "$(TARGET_NAME)";
				SWIFT_VERSION = 5.0;
				TARGETED_DEVICE_FAMILY = "1,2";
				TEST_HOST = "$(BUILT_PRODUCTS_DIR)/Prework.app/Prework";
			};
			name = Debug;
		};
		89C1028925946B2300FCA289 /* Release */ = {
			isa = XCBuildConfiguration;
			buildSettings = {
				ALWAYS_EMBED_SWIFT_STANDARD_LIBRARIES = YES;
				BUNDLE_LOADER = "$(TEST_HOST)";
				CODE_SIGN_STYLE = Automatic;
				INFOPLIST_FILE = PreworkTests/Info.plist;
				IPHONEOS_DEPLOYMENT_TARGET = 14.3;
				LD_RUNPATH_SEARCH_PATHS = (
					"$(inherited)",
					"@executable_path/Frameworks",
					"@loader_path/Frameworks",
				);
				PRODUCT_BUNDLE_IDENTIFIER = grace.PreworkTests;
				PRODUCT_NAME = "$(TARGET_NAME)";
				SWIFT_VERSION = 5.0;
				TARGETED_DEVICE_FAMILY = "1,2";
				TEST_HOST = "$(BUILT_PRODUCTS_DIR)/Prework.app/Prework";
			};
			name = Release;
		};
		89C1028B25946B2300FCA289 /* Debug */ = {
			isa = XCBuildConfiguration;
			buildSettings = {
				ALWAYS_EMBED_SWIFT_STANDARD_LIBRARIES = YES;
				CODE_SIGN_STYLE = Automatic;
				INFOPLIST_FILE = PreworkUITests/Info.plist;
				LD_RUNPATH_SEARCH_PATHS = (
					"$(inherited)",
					"@executable_path/Frameworks",
					"@loader_path/Frameworks",
				);
				PRODUCT_BUNDLE_IDENTIFIER = grace.PreworkUITests;
				PRODUCT_NAME = "$(TARGET_NAME)";
				SWIFT_VERSION = 5.0;
				TARGETED_DEVICE_FAMILY = "1,2";
				TEST_TARGET_NAME = Prework;
			};
			name = Debug;
		};
		89C1028C25946B2300FCA289 /* Release */ = {
			isa = XCBuildConfiguration;
			buildSettings = {
				ALWAYS_EMBED_SWIFT_STANDARD_LIBRARIES = YES;
				CODE_SIGN_STYLE = Automatic;
				INFOPLIST_FILE = PreworkUITests/Info.plist;
				LD_RUNPATH_SEARCH_PATHS = (
					"$(inherited)",
					"@executable_path/Frameworks",
					"@loader_path/Frameworks",
				);
				PRODUCT_BUNDLE_IDENTIFIER = grace.PreworkUITests;
				PRODUCT_NAME = "$(TARGET_NAME)";
				SWIFT_VERSION = 5.0;
				TARGETED_DEVICE_FAMILY = "1,2";
				TEST_TARGET_NAME = Prework;
			};
			name = Release;
		};
/* End XCBuildConfiguration section */

/* Begin XCConfigurationList section */
		89C1025525946B2100FCA289 /* Build configuration list for PBXProject "Prework" */ = {
			isa = XCConfigurationList;
			buildConfigurations = (
				89C1028225946B2300FCA289 /* Debug */,
				89C1028325946B2300FCA289 /* Release */,
			);
			defaultConfigurationIsVisible = 0;
			defaultConfigurationName = Release;
		};
		89C1028425946B2300FCA289 /* Build configuration list for PBXNativeTarget "Prework" */ = {
			isa = XCConfigurationList;
			buildConfigurations = (
				89C1028525946B2300FCA289 /* Debug */,
				89C1028625946B2300FCA289 /* Release */,
			);
			defaultConfigurationIsVisible = 0;
			defaultConfigurationName = Release;
		};
		89C1028725946B2300FCA289 /* Build configuration list for PBXNativeTarget "PreworkTests" */ = {
			isa = XCConfigurationList;
			buildConfigurations = (
				89C1028825946B2300FCA289 /* Debug */,
				89C1028925946B2300FCA289 /* Release */,
			);
			defaultConfigurationIsVisible = 0;
			defaultConfigurationName = Release;
		};
		89C1028A25946B2300FCA289 /* Build configuration list for PBXNativeTarget "PreworkUITests" */ = {
			isa = XCConfigurationList;
			buildConfigurations = (
				89C1028B25946B2300FCA289 /* Debug */,
				89C1028C25946B2300FCA289 /* Release */,
			);
			defaultConfigurationIsVisible = 0;
			defaultConfigurationName = Release;
		};
/* End XCConfigurationList section */
	};
	rootObject = 89C1025225946B2100FCA289 /* Project object */;
}
